
Microsoft Visual Studio Solution File, Format Version 12.00
# Visual Studio 15
VisualStudioVersion = 15.0.27703.2042
MinimumVisualStudioVersion = 10.0.40219.1
Project("{FAE04EC0-301F-11D3-BF4B-00C04F79EFBC}") = "ProjektMove", "ProjektMove\ProjektMove.csproj", "{C1F79B7A-B412-4634-BE4D-936BC23BD008}"
EndProject
Global
	GlobalSection(SolutionConfigurationPlatforms) = preSolution
		Debug|Any CPU = Debug|Any CPU
		Release|Any CPU = Release|Any CPU
	EndGlobalSection
	GlobalSection(ProjectConfigurationPlatforms) = postSolution
		{C1F79B7A-B412-4634-BE4D-936BC23BD008}.Debug|Any CPU.ActiveCfg = Debug|Any CPU
		{C1F79B7A-B412-4634-BE4D-936BC23BD008}.Debug|Any CPU.Build.0 = Debug|Any CPU
		{C1F79B7A-B412-4634-BE4D-936BC23BD008}.Release|Any CPU.ActiveCfg = Release|Any CPU
		{C1F79B7A-B412-4634-BE4D-936BC23BD008}.Release|Any CPU.Build.0 = Release|Any CPU
	EndGlobalSection
	GlobalSection(SolutionProperties) = preSolution
		HideSolutionNode = FALSE
	EndGlobalSection
	GlobalSection(ExtensibilityGlobals) = postSolution
		SolutionGuid = {3C180826-84B6-4FD7-80CA-FF58A75B7462}
	EndGlobalSection
EndGlobal
